
Microsoft Visual Studio Solution File, Format Version 12.00
# Visual Studio Version 17
VisualStudioVersion = 17.4.33110.190
MinimumVisualStudioVersion = 10.0.40219.1
Project("{9A19103F-16F7-4668-BE54-9A1E7A4F7556}") = "ewsDemo", "ewsDemo\ewsDemo.csproj", "{599C17DC-7418-4A1C-B322-6D4AA754212B}"
EndProject
Global
	GlobalSection(SolutionConfigurationPlatforms) = preSolution
		Debug|Any CPU = Debug|Any CPU
		Release|Any CPU = Release|Any CPU
	EndGlobalSection
	GlobalSection(ProjectConfigurationPlatforms) = postSolution
		{599C17DC-7418-4A1C-B322-6D4AA754212B}.Debug|Any CPU.ActiveCfg = Debug|Any CPU
		{599C17DC-7418-4A1C-B322-6D4AA754212B}.Debug|Any CPU.Build.0 = Debug|Any CPU
		{599C17DC-7418-4A1C-B322-6D4AA754212B}.Release|Any CPU.ActiveCfg = Release|Any CPU
		{599C17DC-7418-4A1C-B322-6D4AA754212B}.Release|Any CPU.Build.0 = Release|Any CPU
	EndGlobalSection
	GlobalSection(SolutionProperties) = preSolution
		HideSolutionNode = FALSE
	EndGlobalSection
	GlobalSection(ExtensibilityGlobals) = postSolution
		SolutionGuid = {71D1470E-5F45-467A-B800-3A7476E4B2BA}
	EndGlobalSection
EndGlobal
